// !$*UTF8*$!
{
	archiveVersion = 1;
	classes = {
	};
	objectVersion = 50;
	objects = {

/* Begin PBXBuildFile section */
		401DC4E926008B65005EB4AB /* CustomTextFieldView.swift in Sources */ = {isa = PBXBuildFile; fileRef = 401DC4E826008B65005EB4AB /* CustomTextFieldView.swift */; };
		4090445C25FFAAC100E5F18B /* AppDelegate.swift in Sources */ = {isa = PBXBuildFile; fileRef = 4090445B25FFAAC100E5F18B /* AppDelegate.swift */; };
		4090445E25FFAAC100E5F18B /* SceneDelegate.swift in Sources */ = {isa = PBXBuildFile; fileRef = 4090445D25FFAAC100E5F18B /* SceneDelegate.swift */; };
		4090446125FFAAC100E5F18B /* AllTextFieldDemo.xcdatamodeld in Sources */ = {isa = PBXBuildFile; fileRef = 4090445F25FFAAC100E5F18B /* AllTextFieldDemo.xcdatamodeld */; };
		4090446325FFAAC100E5F18B /* ContentView.swift in Sources */ = {isa = PBXBuildFile; fileRef = 4090446225FFAAC100E5F18B /* ContentView.swift */; };
		4090446525FFAAC500E5F18B /* Assets.xcassets in Resources */ = {isa = PBXBuildFile; fileRef = 4090446425FFAAC500E5F18B /* Assets.xcassets */; };
		4090446825FFAAC500E5F18B /* Preview Assets.xcassets in Resources */ = {isa = PBXBuildFile; fileRef = 4090446725FFAAC500E5F18B /* Preview Assets.xcassets */; };
		4090446B25FFAAC500E5F18B /* LaunchScreen.storyboard in Resources */ = {isa = PBXBuildFile; fileRef = 4090446925FFAAC500E5F18B /* LaunchScreen.storyboard */; };
		4090447325FFAB0F00E5F18B /* TextFieldStyle.swift in Sources */ = {isa = PBXBuildFile; fileRef = 4090447225FFAB0F00E5F18B /* TextFieldStyle.swift */; };
/* End PBXBuildFile section */

/* Begin PBXFileReference section */
		401DC4E826008B65005EB4AB /* CustomTextFieldView.swift */ = {isa = PBXFileReference; lastKnownFileType = sourcecode.swift; path = CustomTextFieldView.swift; sourceTree = "<group>"; };
		4090445825FFAAC100E5F18B /* AllTextFieldDemo.app */ = {isa = PBXFileReference; explicitFileType = wrapper.application; includeInIndex = 0; path = AllTextFieldDemo.app; sourceTree = BUILT_PRODUCTS_DIR; };
		4090445B25FFAAC100E5F18B /* AppDelegate.swift */ = {isa = PBXFileReference; lastKnownFileType = sourcecode.swift; path = AppDelegate.swift; sourceTree = "<group>"; };
		4090445D25FFAAC100E5F18B /* SceneDelegate.swift */ = {isa = PBXFileReference; lastKnownFileType = sourcecode.swift; path = SceneDelegate.swift; sourceTree = "<group>"; };
		4090446025FFAAC100E5F18B /* AllTextFieldDemo.xcdatamodel */ = {isa = PBXFileReference; lastKnownFileType = wrapper.xcdatamodel; path = AllTextFieldDemo.xcdatamodel; sourceTree = "<group>"; };
		4090446225FFAAC100E5F18B /* ContentView.swift */ = {isa = PBXFileReference; lastKnownFileType = sourcecode.swift; path = ContentView.swift; sourceTree = "<group>"; };
		4090446425FFAAC500E5F18B /* Assets.xcassets */ = {isa = PBXFileReference; lastKnownFileType = folder.assetcatalog; path = Assets.xcassets; sourceTree = "<group>"; };
		4090446725FFAAC500E5F18B /* Preview Assets.xcassets */ = {isa = PBXFileReference; lastKnownFileType = folder.assetcatalog; path = "Preview Assets.xcassets"; sourceTree = "<group>"; };
		4090446A25FFAAC500E5F18B /* Base */ = {isa = PBXFileReference; lastKnownFileType = file.storyboard; name = Base; path = Base.lproj/LaunchScreen.storyboard; sourceTree = "<group>"; };
		4090446C25FFAAC500E5F18B /* Info.plist */ = {isa = PBXFileReference; lastKnownFileType = text.plist.xml; path = Info.plist; sourceTree = "<group>"; };
		4090447225FFAB0F00E5F18B /* TextFieldStyle.swift */ = {isa = PBXFileReference; lastKnownFileType = sourcecode.swift; path = TextFieldStyle.swift; sourceTree = "<group>"; };
/* End PBXFileReference section */

/* Begin PBXFrameworksBuildPhase section */
		4090445525FFAAC100E5F18B /* Frameworks */ = {
			isa = PBXFrameworksBuildPhase;
			buildActionMask = 2147483647;
			files = (
			);
			runOnlyForDeploymentPostprocessing = 0;
		};
/* End PBXFrameworksBuildPhase section */

/* Begin PBXGroup section */
		4090444F25FFAAC100E5F18B = {
			isa = PBXGroup;
			children = (
				4090445A25FFAAC100E5F18B /* AllTextFieldDemo */,
				4090445925FFAAC100E5F18B /* Products */,
			);
			sourceTree = "<group>";
		};
		4090445925FFAAC100E5F18B /* Products */ = {
			isa = PBXGroup;
			children = (
				4090445825FFAAC100E5F18B /* AllTextFieldDemo.app */,
			);
			name = Products;
			sourceTree = "<group>";
		};
		4090445A25FFAAC100E5F18B /* AllTextFieldDemo */ = {
			isa = PBXGroup;
			children = (
				4090445B25FFAAC100E5F18B /* AppDelegate.swift */,
				4090445D25FFAAC100E5F18B /* SceneDelegate.swift */,
				4090446225FFAAC100E5F18B /* ContentView.swift */,
				4090446425FFAAC500E5F18B /* Assets.xcassets */,
				4090446925FFAAC500E5F18B /* LaunchScreen.storyboard */,
				4090446C25FFAAC500E5F18B /* Info.plist */,
				4090445F25FFAAC100E5F18B /* AllTextFieldDemo.xcdatamodeld */,
				4090446625FFAAC500E5F18B /* Preview Content */,
				4090447225FFAB0F00E5F18B /* TextFieldStyle.swift */,
				401DC4E826008B65005EB4AB /* CustomTextFieldView.swift */,
			);
			path = AllTextFieldDemo;
			sourceTree = "<group>";
		};
		4090446625FFAAC500E5F18B /* Preview Content */ = {
			isa = PBXGroup;
			children = (
				4090446725FFAAC500E5F18B /* Preview Assets.xcassets */,
			);
			path = "Preview Content";
			sourceTree = "<group>";
		};
/* End PBXGroup section */

/* Begin PBXNativeTarget section */
		4090445725FFAAC100E5F18B /* AllTextFieldDemo */ = {
			isa = PBXNativeTarget;
			buildConfigurationList = 4090446F25FFAAC500E5F18B /* Build configuration list for PBXNativeTarget "AllTextFieldDemo" */;
			buildPhases = (
				4090445425FFAAC100E5F18B /* Sources */,
				4090445525FFAAC100E5F18B /* Frameworks */,
				4090445625FFAAC100E5F18B /* Resources */,
			);
			buildRules = (
			);
			dependencies = (
			);
			name = AllTextFieldDemo;
			productName = AllTextFieldDemo;
			productReference = 4090445825FFAAC100E5F18B /* AllTextFieldDemo.app */;
			productType = "com.apple.product-type.application";
		};
/* End PBXNativeTarget section */

/* Begin PBXProject section */
		4090445025FFAAC100E5F18B /* Project object */ = {
			isa = PBXProject;
			attributes = {
				LastSwiftUpdateCheck = 1160;
				LastUpgradeCheck = 1160;
				ORGANIZATIONNAME = Mat;
				TargetAttributes = {
					4090445725FFAAC100E5F18B = {
						CreatedOnToolsVersion = 11.6;
					};
				};
			};
			buildConfigurationList = 4090445325FFAAC100E5F18B /* Build configuration list for PBXProject "AllTextFieldDemo" */;
			compatibilityVersion = "Xcode 9.3";
			developmentRegion = en;
			hasScannedForEncodings = 0;
			knownRegions = (
				en,
				Base,
			);
			mainGroup = 4090444F25FFAAC100E5F18B;
			productRefGroup = 4090445925FFAAC100E5F18B /* Products */;
			projectDirPath = "";
			projectRoot = "";
			targets = (
				4090445725FFAAC100E5F18B /* AllTextFieldDemo */,
			);
		};
/* End PBXProject section */

/* Begin PBXResourcesBuildPhase section */
		4090445625FFAAC100E5F18B /* Resources */ = {
			isa = PBXResourcesBuildPhase;
			buildActionMask = 2147483647;
			files = (
				4090446B25FFAAC500E5F18B /* LaunchScreen.storyboard in Resources */,
				4090446825FFAAC500E5F18B /* Preview Assets.xcassets in Resources */,
				4090446525FFAAC500E5F18B /* Assets.xcassets in Resources */,
			);
			runOnlyForDeploymentPostprocessing = 0;
		};
/* End PBXResourcesBuildPhase section */

/* Begin PBXSourcesBuildPhase section */
		4090445425FFAAC100E5F18B /* Sources */ = {
			isa = PBXSourcesBuildPhase;
			buildActionMask = 2147483647;
			files = (
				4090446125FFAAC100E5F18B /* AllTextFieldDemo.xcdatamodeld in Sources */,
				4090445C25FFAAC100E5F18B /* AppDelegate.swift in Sources */,
				4090446325FFAAC100E5F18B /* ContentView.swift in Sources */,
				4090447325FFAB0F00E5F18B /* TextFieldStyle.swift in Sources */,
				4090445E25FFAAC100E5F18B /* SceneDelegate.swift in Sources */,
				401DC4E926008B65005EB4AB /* CustomTextFieldView.swift in Sources */,
			);
			runOnlyForDeploymentPostprocessing = 0;
		};
/* End PBXSourcesBuildPhase section */

/* Begin PBXVariantGroup section */
		4090446925FFAAC500E5F18B /* LaunchScreen.storyboard */ = {
			isa = PBXVariantGroup;
			children = (
				4090446A25FFAAC500E5F18B /* Base */,
			);
			name = LaunchScreen.storyboard;
			sourceTree = "<group>";
		};
/* End PBXVariantGroup section */

/* Begin XCBuildConfiguration section */
		4090446D25FFAAC500E5F18B /* Debug */ = {
			isa = XCBuildConfiguration;
			buildSettings = {
				ALWAYS_SEARCH_USER_PATHS = NO;
				CLANG_ANALYZER_NONNULL = YES;
				CLANG_ANALYZER_NUMBER_OBJECT_CONVERSION = YES_AGGRESSIVE;
				CLANG_CXX_LANGUAGE_STANDARD = "gnu++14";
				CLANG_CXX_LIBRARY = "libc++";
				CLANG_ENABLE_MODULES = YES;
				CLANG_ENABLE_OBJC_ARC = YES;
				CLANG_ENABLE_OBJC_WEAK = YES;
				CLANG_WARN_BLOCK_CAPTURE_AUTORELEASING = YES;
				CLANG_WARN_BOOL_CONVERSION = YES;
				CLANG_WARN_COMMA = YES;
				CLANG_WARN_CONSTANT_CONVERSION = YES;
				CLANG_WARN_DEPRECATED_OBJC_IMPLEMENTATIONS = YES;
				CLANG_WARN_DIRECT_OBJC_ISA_USAGE = YES_ERROR;
				CLANG_WARN_DOCUMENTATION_COMMENTS = YES;
				CLANG_WARN_EMPTY_BODY = YES;
				CLANG_WARN_ENUM_CONVERSION = YES;
				CLANG_WARN_INFINITE_RECURSION = YES;
				CLANG_WARN_INT_CONVERSION = YES;
				CLANG_WARN_NON_LITERAL_NULL_CONVERSION = YES;
				CLANG_WARN_OBJC_IMPLICIT_RETAIN_SELF = YES;
				CLANG_WARN_OBJC_LITERAL_CONVERSION = YES;
				CLANG_WARN_OBJC_ROOT_CLASS = YES_ERROR;
				CLANG_WARN_RANGE_LOOP_ANALYSIS = YES;
				CLANG_WARN_STRICT_PROTOTYPES = YES;
				CLANG_WARN_SUSPICIOUS_MOVE = YES;
				CLANG_WARN_UNGUARDED_AVAILABILITY = YES_AGGRESSIVE;
				CLANG_WARN_UNREACHABLE_CODE = YES;
				CLANG_WARN__DUPLICATE_METHOD_MATCH = YES;
				COPY_PHASE_STRIP = NO;
				DEBUG_INFORMATION_FORMAT = dwarf;
				ENABLE_STRICT_OBJC_MSGSEND = YES;
				ENABLE_TESTABILITY = YES;
				GCC_C_LANGUAGE_STANDARD = gnu11;
				GCC_DYNAMIC_NO_PIC = NO;
				GCC_NO_COMMON_BLOCKS = YES;
				GCC_OPTIMIZATION_LEVEL = 0;
				GCC_PREPROCESSOR_DEFINITIONS = (
					"DEBUG=1",
					"$(inherited)",
				);
				GCC_WARN_64_TO_32_BIT_CONVERSION = YES;
				GCC_WARN_ABOUT_RETURN_TYPE = YES_ERROR;
				GCC_WARN_UNDECLARED_SELECTOR = YES;
				GCC_WARN_UNINITIALIZED_AUTOS = YES_AGGRESSIVE;
				GCC_WARN_UNUSED_FUNCTION = YES;
				GCC_WARN_UNUSED_VARIABLE = YES;
				IPHONEOS_DEPLOYMENT_TARGET = 13.6;
				MTL_ENABLE_DEBUG_INFO = INCLUDE_SOURCE;
				MTL_FAST_MATH = YES;
				ONLY_ACTIVE_ARCH = YES;
				SDKROOT = iphoneos;
				SWIFT_ACTIVE_COMPILATION_CONDITIONS = DEBUG;
				SWIFT_OPTIMIZATION_LEVEL = "-Onone";
			};
			name = Debug;
		};
		4090446E25FFAAC500E5F18B /* Release */ = {
			isa = XCBuildConfiguration;
			buildSettings = {
				ALWAYS_SEARCH_USER_PATHS = NO;
				CLANG_ANALYZER_NONNULL = YES;
				CLANG_ANALYZER_NUMBER_OBJECT_CONVERSION = YES_AGGRESSIVE;
				CLANG_CXX_LANGUAGE_STANDARD = "gnu++14";
				CLANG_CXX_LIBRARY = "libc++";
				CLANG_ENABLE_MODULES = YES;
				CLANG_ENABLE_OBJC_ARC = YES;
				CLANG_ENABLE_OBJC_WEAK = YES;
				CLANG_WARN_BLOCK_CAPTURE_AUTORELEASING = YES;
				CLANG_WARN_BOOL_CONVERSION = YES;
				CLANG_WARN_COMMA = YES;
				CLANG_WARN_CONSTANT_CONVERSION = YES;
				CLANG_WARN_DEPRECATED_OBJC_IMPLEMENTATIONS = YES;
				CLANG_WARN_DIRECT_OBJC_ISA_USAGE = YES_ERROR;
				CLANG_WARN_DOCUMENTATION_COMMENTS = YES;
				CLANG_WARN_EMPTY_BODY = YES;
				CLANG_WARN_ENUM_CONVERSION = YES;
				CLANG_WARN_INFINITE_RECURSION = YES;
				CLANG_WARN_INT_CONVERSION = YES;
				CLANG_WARN_NON_LITERAL_NULL_CONVERSION = YES;
				CLANG_WARN_OBJC_IMPLICIT_RETAIN_SELF = YES;
				CLANG_WARN_OBJC_LITERAL_CONVERSION = YES;
				CLANG_WARN_OBJC_ROOT_CLASS = YES_ERROR;
				CLANG_WARN_RANGE_LOOP_ANALYSIS = YES;
				CLANG_WARN_STRICT_PROTOTYPES = YES;
				CLANG_WARN_SUSPICIOUS_MOVE = YES;
				CLANG_WARN_UNGUARDED_AVAILABILITY = YES_AGGRESSIVE;
				CLANG_WARN_UNREACHABLE_CODE = YES;
				CLANG_WARN__DUPLICATE_METHOD_MATCH = YES;
				COPY_PHASE_STRIP = NO;
				DEBUG_INFORMATION_FORMAT = "dwarf-with-dsym";
				ENABLE_NS_ASSERTIONS = NO;
				ENABLE_STRICT_OBJC_MSGSEND = YES;
				GCC_C_LANGUAGE_STANDARD = gnu11;
				GCC_NO_COMMON_BLOCKS = YES;
				GCC_WARN_64_TO_32_BIT_CONVERSION = YES;
				GCC_WARN_ABOUT_RETURN_TYPE = YES_ERROR;
				GCC_WARN_UNDECLARED_SELECTOR = YES;
				GCC_WARN_UNINITIALIZED_AUTOS = YES_AGGRESSIVE;
				GCC_WARN_UNUSED_FUNCTION = YES;
				GCC_WARN_UNUSED_VARIABLE = YES;
				IPHONEOS_DEPLOYMENT_TARGET = 13.6;
				MTL_ENABLE_DEBUG_INFO = NO;
				MTL_FAST_MATH = YES;
				SDKROOT = iphoneos;
				SWIFT_COMPILATION_MODE = wholemodule;
				SWIFT_OPTIMIZATION_LEVEL = "-O";
				VALIDATE_PRODUCT = YES;
			};
			name = Release;
		};
		4090447025FFAAC500E5F18B /* Debug */ = {
			isa = XCBuildConfiguration;
			buildSettings = {
				ASSETCATALOG_COMPILER_APPICON_NAME = AppIcon;
				CODE_SIGN_STYLE = Automatic;
				DEVELOPMENT_ASSET_PATHS = "\"AllTextFieldDemo/Preview Content\"";
				ENABLE_PREVIEWS = YES;
				INFOPLIST_FILE = AllTextFieldDemo/Info.plist;
				LD_RUNPATH_SEARCH_PATHS = (
					"$(inherited)",
					"@executable_path/Frameworks",
				);
				PRODUCT_BUNDLE_IDENTIFIER = Ubrain.AllTextFieldDemo;
				PRODUCT_NAME = "$(TARGET_NAME)";
				SWIFT_VERSION = 5.0;
				TARGETED_DEVICE_FAMILY = "1,2";
			};
			name = Debug;
		};
		4090447125FFAAC500E5F18B /* Release */ = {
			isa = XCBuildConfiguration;
			buildSettings = {
				ASSETCATALOG_COMPILER_APPICON_NAME = AppIcon;
				CODE_SIGN_STYLE = Automatic;
				DEVELOPMENT_ASSET_PATHS = "\"AllTextFieldDemo/Preview Content\"";
				ENABLE_PREVIEWS = YES;
				INFOPLIST_FILE = AllTextFieldDemo/Info.plist;
				LD_RUNPATH_SEARCH_PATHS = (
					"$(inherited)",
					"@executable_path/Frameworks",
				);
				PRODUCT_BUNDLE_IDENTIFIER = Ubrain.AllTextFieldDemo;
				PRODUCT_NAME = "$(TARGET_NAME)";
				SWIFT_VERSION = 5.0;
				TARGETED_DEVICE_FAMILY = "1,2";
			};
			name = Release;
		};
/* End XCBuildConfiguration section */

/* Begin XCConfigurationList section */
		4090445325FFAAC100E5F18B /* Build configuration list for PBXProject "AllTextFieldDemo" */ = {
			isa = XCConfigurationList;
			buildConfigurations = (
				4090446D25FFAAC500E5F18B /* Debug */,
				4090446E25FFAAC500E5F18B /* Release */,
			);
			defaultConfigurationIsVisible = 0;
			defaultConfigurationName = Release;
		};
		4090446F25FFAAC500E5F18B /* Build configuration list for PBXNativeTarget "AllTextFieldDemo" */ = {
			isa = XCConfigurationList;
			buildConfigurations = (
				4090447025FFAAC500E5F18B /* Debug */,
				4090447125FFAAC500E5F18B /* Release */,
			);
			defaultConfigurationIsVisible = 0;
			defaultConfigurationName = Release;
		};
/* End XCConfigurationList section */

/* Begin XCVersionGroup section */
		4090445F25FFAAC100E5F18B /* AllTextFieldDemo.xcdatamodeld */ = {
			isa = XCVersionGroup;
			children = (
				4090446025FFAAC100E5F18B /* AllTextFieldDemo.xcdatamodel */,
			);
			currentVersion = 4090446025FFAAC100E5F18B /* AllTextFieldDemo.xcdatamodel */;
			path = AllTextFieldDemo.xcdatamodeld;
			sourceTree = "<group>";
			versionGroupType = wrapper.xcdatamodel;
		};
/* End XCVersionGroup section */
	};
	rootObject = 4090445025FFAAC100E5F18B /* Project object */;
}
